// !$*UTF8*$!
{
	archiveVersion = 1;
	classes = {
	};
	objectVersion = 55;
	objects = {

/* Begin PBXBuildFile section */
		725D15902888518400B2599E /* AppDelegate.swift in Sources */ = {isa = PBXBuildFile; fileRef = 725D158F2888518400B2599E /* AppDelegate.swift */; };
		725D15922888518400B2599E /* SceneDelegate.swift in Sources */ = {isa = PBXBuildFile; fileRef = 725D15912888518400B2599E /* SceneDelegate.swift */; };
		725D15942888518400B2599E /* SearchProductViewController.swift in Sources */ = {isa = PBXBuildFile; fileRef = 725D15932888518400B2599E /* SearchProductViewController.swift */; };
		725D15992888518600B2599E /* Assets.xcassets in Resources */ = {isa = PBXBuildFile; fileRef = 725D15982888518600B2599E /* Assets.xcassets */; };
		725D159C2888518600B2599E /* LaunchScreen.storyboard in Resources */ = {isa = PBXBuildFile; fileRef = 725D159A2888518600B2599E /* LaunchScreen.storyboard */; };
		725D15A72888518600B2599E /* ProductsMeLiTests.swift in Sources */ = {isa = PBXBuildFile; fileRef = 725D15A62888518600B2599E /* ProductsMeLiTests.swift */; };
		725D15B12888518600B2599E /* ProductsMeLiUITests.swift in Sources */ = {isa = PBXBuildFile; fileRef = 725D15B02888518600B2599E /* ProductsMeLiUITests.swift */; };
		725D15B32888518600B2599E /* ProductsMeLiUITestsLaunchTests.swift in Sources */ = {isa = PBXBuildFile; fileRef = 725D15B22888518600B2599E /* ProductsMeLiUITestsLaunchTests.swift */; };
		725D15C8288857A700B2599E /* SearchProductView.swift in Sources */ = {isa = PBXBuildFile; fileRef = 725D15C7288857A700B2599E /* SearchProductView.swift */; };
		725D15CC2888617C00B2599E /* SearchProductViewModel.swift in Sources */ = {isa = PBXBuildFile; fileRef = 725D15CB2888617C00B2599E /* SearchProductViewModel.swift */; };
		725D15CF2888626E00B2599E /* SearchProductRepository.swift in Sources */ = {isa = PBXBuildFile; fileRef = 725D15CE2888626E00B2599E /* SearchProductRepository.swift */; };
		725D15D428886D0600B2599E /* SearchProductAdapter.swift in Sources */ = {isa = PBXBuildFile; fileRef = 725D15D328886D0600B2599E /* SearchProductAdapter.swift */; };
		725D15D928886F4900B2599E /* ProductTableViewCell.swift in Sources */ = {isa = PBXBuildFile; fileRef = 725D15D828886F4900B2599E /* ProductTableViewCell.swift */; };
		725D15DD2888779A00B2599E /* Observable.swift in Sources */ = {isa = PBXBuildFile; fileRef = 725D15DC2888779A00B2599E /* Observable.swift */; };
		725D15E42888839200B2599E /* URLSessionExtensions.swift in Sources */ = {isa = PBXBuildFile; fileRef = 725D15E32888839200B2599E /* URLSessionExtensions.swift */; };
		725D15E62888E32A00B2599E /* Product.swift in Sources */ = {isa = PBXBuildFile; fileRef = 725D15E52888E32A00B2599E /* Product.swift */; };
		725D15EE2889204200B2599E /* BlockBasedSelector.m in Sources */ = {isa = PBXBuildFile; fileRef = 725D15EB2889204100B2599E /* BlockBasedSelector.m */; };
		725D15EF2889204200B2599E /* BlockBasedSelector.swift in Sources */ = {isa = PBXBuildFile; fileRef = 725D15EC2889204100B2599E /* BlockBasedSelector.swift */; };
		725D15F1288920BD00B2599E /* NSObject+Observable.swift in Sources */ = {isa = PBXBuildFile; fileRef = 725D15F0288920BD00B2599E /* NSObject+Observable.swift */; };
		725D15F6288922C500B2599E /* UIControls+Bindable.swift in Sources */ = {isa = PBXBuildFile; fileRef = 725D15F5288922C500B2599E /* UIControls+Bindable.swift */; };
		725D15F82889234300B2599E /* Bindable.swift in Sources */ = {isa = PBXBuildFile; fileRef = 725D15F72889234300B2599E /* Bindable.swift */; };
		725D15FB28892D1500B2599E /* UIImageViewExtensions.swift in Sources */ = {isa = PBXBuildFile; fileRef = 725D15FA28892D1500B2599E /* UIImageViewExtensions.swift */; };
		725D16002889300300B2599E /* Assets.xcassets in Resources */ = {isa = PBXBuildFile; fileRef = 725D15FF2889300300B2599E /* Assets.xcassets */; };
		725D16022889982D00B2599E /* ImageService.swift in Sources */ = {isa = PBXBuildFile; fileRef = 725D16012889982D00B2599E /* ImageService.swift */; };
		725D16042889C9D200B2599E /* Thread.swift in Sources */ = {isa = PBXBuildFile; fileRef = 725D16032889C9D200B2599E /* Thread.swift */; };
		725D1607288A046300B2599E /* ProductDescriptionView.swift in Sources */ = {isa = PBXBuildFile; fileRef = 725D1606288A046300B2599E /* ProductDescriptionView.swift */; };
		725D1609288A048500B2599E /* ProductDescriptionViewController.swift in Sources */ = {isa = PBXBuildFile; fileRef = 725D1608288A048500B2599E /* ProductDescriptionViewController.swift */; };
		725D1613288A70D700B2599E /* ProductDescriptionFactory.swift in Sources */ = {isa = PBXBuildFile; fileRef = 725D1612288A70D700B2599E /* ProductDescriptionFactory.swift */; };
		725D1615288A722400B2599E /* SearchProductRouter.swift in Sources */ = {isa = PBXBuildFile; fileRef = 725D1614288A722400B2599E /* SearchProductRouter.swift */; };
		7264E064288A5F1A008FFEE3 /* SearchProductFactory.swift in Sources */ = {isa = PBXBuildFile; fileRef = 7264E063288A5F1A008FFEE3 /* SearchProductFactory.swift */; };
		D2659321288B820E00F7EB53 /* UIViewControllerExtensions.swift in Sources */ = {isa = PBXBuildFile; fileRef = D2659320288B820E00F7EB53 /* UIViewControllerExtensions.swift */; };
		D2659323288B8F0F00F7EB53 /* UIColorExtensions.swift in Sources */ = {isa = PBXBuildFile; fileRef = D2659322288B8F0F00F7EB53 /* UIColorExtensions.swift */; };
		D2659327288C225E00F7EB53 /* ProductWebViewController.swift in Sources */ = {isa = PBXBuildFile; fileRef = D2659326288C225E00F7EB53 /* ProductWebViewController.swift */; };
		D2659329288C26C000F7EB53 /* ProductWebView.swift in Sources */ = {isa = PBXBuildFile; fileRef = D2659328288C26C000F7EB53 /* ProductWebView.swift */; };
		D265932C288C2D7F00F7EB53 /* ProductDescriptionViewModel.swift in Sources */ = {isa = PBXBuildFile; fileRef = D265932B288C2D7F00F7EB53 /* ProductDescriptionViewModel.swift */; };
		D265932F288C2E7B00F7EB53 /* ProductWebFactory.swift in Sources */ = {isa = PBXBuildFile; fileRef = D265932E288C2E7B00F7EB53 /* ProductWebFactory.swift */; };
		D2659332288C2FA600F7EB53 /* ProductDescriptionRouter.swift in Sources */ = {isa = PBXBuildFile; fileRef = D2659331288C2FA600F7EB53 /* ProductDescriptionRouter.swift */; };
		D2659337288C553A00F7EB53 /* RelatedTableViewCell.swift in Sources */ = {isa = PBXBuildFile; fileRef = D2659336288C553A00F7EB53 /* RelatedTableViewCell.swift */; };
		D265933A288C562500F7EB53 /* RelatedCollectionViewCell.swift in Sources */ = {isa = PBXBuildFile; fileRef = D2659339288C562500F7EB53 /* RelatedCollectionViewCell.swift */; };
		D265933E288C576800F7EB53 /* RelatedCollectionViewAdapter.swift in Sources */ = {isa = PBXBuildFile; fileRef = D265933D288C576800F7EB53 /* RelatedCollectionViewAdapter.swift */; };
		D2659340288C5C1300F7EB53 /* ProductDescriptionAdapter.swift in Sources */ = {isa = PBXBuildFile; fileRef = D265933F288C5C1300F7EB53 /* ProductDescriptionAdapter.swift */; };
		D29DDD9B288B6327002D59E0 /* ProductResponse.swift in Sources */ = {isa = PBXBuildFile; fileRef = D29DDD9A288B6327002D59E0 /* ProductResponse.swift */; };
/* End PBXBuildFile section */

/* Begin PBXContainerItemProxy section */
		725D15A32888518600B2599E /* PBXContainerItemProxy */ = {
			isa = PBXContainerItemProxy;
			containerPortal = 725D15842888518400B2599E /* Project object */;
			proxyType = 1;
			remoteGlobalIDString = 725D158B2888518400B2599E;
			remoteInfo = ProductsMeLi;
		};
		725D15AD2888518600B2599E /* PBXContainerItemProxy */ = {
			isa = PBXContainerItemProxy;
			containerPortal = 725D15842888518400B2599E /* Project object */;
			proxyType = 1;
			remoteGlobalIDString = 725D158B2888518400B2599E;
			remoteInfo = ProductsMeLi;
		};
/* End PBXContainerItemProxy section */

/* Begin PBXFileReference section */
		725D158C2888518400B2599E /* ProductsMeLi.app */ = {isa = PBXFileReference; explicitFileType = wrapper.application; includeInIndex = 0; path = ProductsMeLi.app; sourceTree = BUILT_PRODUCTS_DIR; };
		725D158F2888518400B2599E /* AppDelegate.swift */ = {isa = PBXFileReference; lastKnownFileType = sourcecode.swift; path = AppDelegate.swift; sourceTree = "<group>"; };
		725D15912888518400B2599E /* SceneDelegate.swift */ = {isa = PBXFileReference; lastKnownFileType = sourcecode.swift; path = SceneDelegate.swift; sourceTree = "<group>"; };
		725D15932888518400B2599E /* SearchProductViewController.swift */ = {isa = PBXFileReference; lastKnownFileType = sourcecode.swift; path = SearchProductViewController.swift; sourceTree = "<group>"; };
		725D15982888518600B2599E /* Assets.xcassets */ = {isa = PBXFileReference; lastKnownFileType = folder.assetcatalog; path = Assets.xcassets; sourceTree = "<group>"; };
		725D159B2888518600B2599E /* Base */ = {isa = PBXFileReference; lastKnownFileType = file.storyboard; name = Base; path = Base.lproj/LaunchScreen.storyboard; sourceTree = "<group>"; };
		725D159D2888518600B2599E /* Info.plist */ = {isa = PBXFileReference; lastKnownFileType = text.plist.xml; path = Info.plist; sourceTree = "<group>"; };
		725D15A22888518600B2599E /* ProductsMeLiTests.xctest */ = {isa = PBXFileReference; explicitFileType = wrapper.cfbundle; includeInIndex = 0; path = ProductsMeLiTests.xctest; sourceTree = BUILT_PRODUCTS_DIR; };
		725D15A62888518600B2599E /* ProductsMeLiTests.swift */ = {isa = PBXFileReference; lastKnownFileType = sourcecode.swift; path = ProductsMeLiTests.swift; sourceTree = "<group>"; };
		725D15AC2888518600B2599E /* ProductsMeLiUITests.xctest */ = {isa = PBXFileReference; explicitFileType = wrapper.cfbundle; includeInIndex = 0; path = ProductsMeLiUITests.xctest; sourceTree = BUILT_PRODUCTS_DIR; };
		725D15B02888518600B2599E /* ProductsMeLiUITests.swift */ = {isa = PBXFileReference; lastKnownFileType = sourcecode.swift; path = ProductsMeLiUITests.swift; sourceTree = "<group>"; };
		725D15B22888518600B2599E /* ProductsMeLiUITestsLaunchTests.swift */ = {isa = PBXFileReference; lastKnownFileType = sourcecode.swift; path = ProductsMeLiUITestsLaunchTests.swift; sourceTree = "<group>"; };
		725D15C7288857A700B2599E /* SearchProductView.swift */ = {isa = PBXFileReference; lastKnownFileType = sourcecode.swift; path = SearchProductView.swift; sourceTree = "<group>"; };
		725D15CB2888617C00B2599E /* SearchProductViewModel.swift */ = {isa = PBXFileReference; lastKnownFileType = sourcecode.swift; path = SearchProductViewModel.swift; sourceTree = "<group>"; };
		725D15CE2888626E00B2599E /* SearchProductRepository.swift */ = {isa = PBXFileReference; lastKnownFileType = sourcecode.swift; path = SearchProductRepository.swift; sourceTree = "<group>"; };
		725D15D328886D0600B2599E /* SearchProductAdapter.swift */ = {isa = PBXFileReference; lastKnownFileType = sourcecode.swift; path = SearchProductAdapter.swift; sourceTree = "<group>"; };
		725D15D828886F4900B2599E /* ProductTableViewCell.swift */ = {isa = PBXFileReference; lastKnownFileType = sourcecode.swift; path = ProductTableViewCell.swift; sourceTree = "<group>"; };
		725D15DC2888779A00B2599E /* Observable.swift */ = {isa = PBXFileReference; lastKnownFileType = sourcecode.swift; path = Observable.swift; sourceTree = "<group>"; };
		725D15E32888839200B2599E /* URLSessionExtensions.swift */ = {isa = PBXFileReference; lastKnownFileType = sourcecode.swift; path = URLSessionExtensions.swift; sourceTree = "<group>"; };
		725D15E52888E32A00B2599E /* Product.swift */ = {isa = PBXFileReference; lastKnownFileType = sourcecode.swift; path = Product.swift; sourceTree = "<group>"; };
		725D15EA2889204000B2599E /* ProductsMeLi-Bridging-Header.h */ = {isa = PBXFileReference; lastKnownFileType = sourcecode.c.h; path = "ProductsMeLi-Bridging-Header.h"; sourceTree = "<group>"; };
		725D15EB2889204100B2599E /* BlockBasedSelector.m */ = {isa = PBXFileReference; fileEncoding = 4; lastKnownFileType = sourcecode.c.objc; path = BlockBasedSelector.m; sourceTree = "<group>"; };
		725D15EC2889204100B2599E /* BlockBasedSelector.swift */ = {isa = PBXFileReference; fileEncoding = 4; lastKnownFileType = sourcecode.swift; path = BlockBasedSelector.swift; sourceTree = "<group>"; };
		725D15ED2889204200B2599E /* BlockBasedSelector.h */ = {isa = PBXFileReference; fileEncoding = 4; lastKnownFileType = sourcecode.c.h; path = BlockBasedSelector.h; sourceTree = "<group>"; };
		725D15F0288920BD00B2599E /* NSObject+Observable.swift */ = {isa = PBXFileReference; fileEncoding = 4; lastKnownFileType = sourcecode.swift; path = "NSObject+Observable.swift"; sourceTree = "<group>"; };
		725D15F5288922C500B2599E /* UIControls+Bindable.swift */ = {isa = PBXFileReference; fileEncoding = 4; lastKnownFileType = sourcecode.swift; path = "UIControls+Bindable.swift"; sourceTree = "<group>"; };
		725D15F72889234300B2599E /* Bindable.swift */ = {isa = PBXFileReference; fileEncoding = 4; lastKnownFileType = sourcecode.swift; path = Bindable.swift; sourceTree = "<group>"; };
		725D15FA28892D1500B2599E /* UIImageViewExtensions.swift */ = {isa = PBXFileReference; lastKnownFileType = sourcecode.swift; path = UIImageViewExtensions.swift; sourceTree = "<group>"; };
		725D15FF2889300300B2599E /* Assets.xcassets */ = {isa = PBXFileReference; lastKnownFileType = folder.assetcatalog; path = Assets.xcassets; sourceTree = "<group>"; };
		725D16012889982D00B2599E /* ImageService.swift */ = {isa = PBXFileReference; lastKnownFileType = sourcecode.swift; path = ImageService.swift; sourceTree = "<group>"; };
		725D16032889C9D200B2599E /* Thread.swift */ = {isa = PBXFileReference; lastKnownFileType = sourcecode.swift; path = Thread.swift; sourceTree = "<group>"; };
		725D1606288A046300B2599E /* ProductDescriptionView.swift */ = {isa = PBXFileReference; lastKnownFileType = sourcecode.swift; path = ProductDescriptionView.swift; sourceTree = "<group>"; };
		725D1608288A048500B2599E /* ProductDescriptionViewController.swift */ = {isa = PBXFileReference; lastKnownFileType = sourcecode.swift; path = ProductDescriptionViewController.swift; sourceTree = "<group>"; };
		725D1612288A70D700B2599E /* ProductDescriptionFactory.swift */ = {isa = PBXFileReference; lastKnownFileType = sourcecode.swift; path = ProductDescriptionFactory.swift; sourceTree = "<group>"; };
		725D1614288A722400B2599E /* SearchProductRouter.swift */ = {isa = PBXFileReference; lastKnownFileType = sourcecode.swift; path = SearchProductRouter.swift; sourceTree = "<group>"; };
		7264E063288A5F1A008FFEE3 /* SearchProductFactory.swift */ = {isa = PBXFileReference; lastKnownFileType = sourcecode.swift; path = SearchProductFactory.swift; sourceTree = "<group>"; };
		D2659320288B820E00F7EB53 /* UIViewControllerExtensions.swift */ = {isa = PBXFileReference; lastKnownFileType = sourcecode.swift; path = UIViewControllerExtensions.swift; sourceTree = "<group>"; };
		D2659322288B8F0F00F7EB53 /* UIColorExtensions.swift */ = {isa = PBXFileReference; lastKnownFileType = sourcecode.swift; path = UIColorExtensions.swift; sourceTree = "<group>"; };
		D2659326288C225E00F7EB53 /* ProductWebViewController.swift */ = {isa = PBXFileReference; lastKnownFileType = sourcecode.swift; path = ProductWebViewController.swift; sourceTree = "<group>"; };
		D2659328288C26C000F7EB53 /* ProductWebView.swift */ = {isa = PBXFileReference; lastKnownFileType = sourcecode.swift; path = ProductWebView.swift; sourceTree = "<group>"; };
		D265932B288C2D7F00F7EB53 /* ProductDescriptionViewModel.swift */ = {isa = PBXFileReference; lastKnownFileType = sourcecode.swift; path = ProductDescriptionViewModel.swift; sourceTree = "<group>"; };
		D265932E288C2E7B00F7EB53 /* ProductWebFactory.swift */ = {isa = PBXFileReference; lastKnownFileType = sourcecode.swift; path = ProductWebFactory.swift; sourceTree = "<group>"; };
		D2659331288C2FA600F7EB53 /* ProductDescriptionRouter.swift */ = {isa = PBXFileReference; lastKnownFileType = sourcecode.swift; path = ProductDescriptionRouter.swift; sourceTree = "<group>"; };
		D2659336288C553A00F7EB53 /* RelatedTableViewCell.swift */ = {isa = PBXFileReference; lastKnownFileType = sourcecode.swift; path = RelatedTableViewCell.swift; sourceTree = "<group>"; };
		D2659339288C562500F7EB53 /* RelatedCollectionViewCell.swift */ = {isa = PBXFileReference; lastKnownFileType = sourcecode.swift; path = RelatedCollectionViewCell.swift; sourceTree = "<group>"; };
		D265933D288C576800F7EB53 /* RelatedCollectionViewAdapter.swift */ = {isa = PBXFileReference; lastKnownFileType = sourcecode.swift; path = RelatedCollectionViewAdapter.swift; sourceTree = "<group>"; };
		D265933F288C5C1300F7EB53 /* ProductDescriptionAdapter.swift */ = {isa = PBXFileReference; lastKnownFileType = sourcecode.swift; path = ProductDescriptionAdapter.swift; sourceTree = "<group>"; };
		D29DDD9A288B6327002D59E0 /* ProductResponse.swift */ = {isa = PBXFileReference; lastKnownFileType = sourcecode.swift; path = ProductResponse.swift; sourceTree = "<group>"; };
/* End PBXFileReference section */

/* Begin PBXFrameworksBuildPhase section */
		725D15892888518400B2599E /* Frameworks */ = {
			isa = PBXFrameworksBuildPhase;
			buildActionMask = 2147483647;
			files = (
			);
			runOnlyForDeploymentPostprocessing = 0;
		};
		725D159F2888518600B2599E /* Frameworks */ = {
			isa = PBXFrameworksBuildPhase;
			buildActionMask = 2147483647;
			files = (
			);
			runOnlyForDeploymentPostprocessing = 0;
		};
		725D15A92888518600B2599E /* Frameworks */ = {
			isa = PBXFrameworksBuildPhase;
			buildActionMask = 2147483647;
			files = (
			);
			runOnlyForDeploymentPostprocessing = 0;
		};
/* End PBXFrameworksBuildPhase section */

/* Begin PBXGroup section */
		725D15832888518400B2599E = {
			isa = PBXGroup;
			children = (
				725D158E2888518400B2599E /* ProductsMeLi */,
				725D15A52888518600B2599E /* ProductsMeLiTests */,
				725D15AF2888518600B2599E /* ProductsMeLiUITests */,
				725D158D2888518400B2599E /* Products */,
			);
			sourceTree = "<group>";
		};
		725D158D2888518400B2599E /* Products */ = {
			isa = PBXGroup;
			children = (
				725D158C2888518400B2599E /* ProductsMeLi.app */,
				725D15A22888518600B2599E /* ProductsMeLiTests.xctest */,
				725D15AC2888518600B2599E /* ProductsMeLiUITests.xctest */,
			);
			name = Products;
			sourceTree = "<group>";
		};
		725D158E2888518400B2599E /* ProductsMeLi */ = {
			isa = PBXGroup;
			children = (
				725D15BF2888550900B2599E /* Main */,
				725D15C12888568E00B2599E /* Modules */,
				725D15C02888551400B2599E /* Resources */,
				725D15E12888835100B2599E /* Utils */,
				725D159D2888518600B2599E /* Info.plist */,
			);
			path = ProductsMeLi;
			sourceTree = "<group>";
		};
		725D15A52888518600B2599E /* ProductsMeLiTests */ = {
			isa = PBXGroup;
			children = (
				725D15A62888518600B2599E /* ProductsMeLiTests.swift */,
			);
			path = ProductsMeLiTests;
			sourceTree = "<group>";
		};
		725D15AF2888518600B2599E /* ProductsMeLiUITests */ = {
			isa = PBXGroup;
			children = (
				725D15B02888518600B2599E /* ProductsMeLiUITests.swift */,
				725D15B22888518600B2599E /* ProductsMeLiUITestsLaunchTests.swift */,
			);
			path = ProductsMeLiUITests;
			sourceTree = "<group>";
		};
		725D15BF2888550900B2599E /* Main */ = {
			isa = PBXGroup;
			children = (
				725D158F2888518400B2599E /* AppDelegate.swift */,
				725D15912888518400B2599E /* SceneDelegate.swift */,
				725D159A2888518600B2599E /* LaunchScreen.storyboard */,
			);
			path = Main;
			sourceTree = "<group>";
		};
		725D15C02888551400B2599E /* Resources */ = {
			isa = PBXGroup;
			children = (
				725D15FE28892FD500B2599E /* Colors */,
				725D15F928892C9300B2599E /* Images */,
			);
			path = Resources;
			sourceTree = "<group>";
		};
		725D15C12888568E00B2599E /* Modules */ = {
			isa = PBXGroup;
			children = (
				725D16052889E10E00B2599E /* ProductDescription */,
				D2659324288C221400F7EB53 /* ProductWeb */,
				725D15C5288856F300B2599E /* SearchProduct */,
			);
			path = Modules;
			sourceTree = "<group>";
		};
		725D15C5288856F300B2599E /* SearchProduct */ = {
			isa = PBXGroup;
			children = (
				7264E062288A5F06008FFEE3 /* Factory */,
				725D15C92888613800B2599E /* Model */,
				725D15C62888570400B2599E /* View */,
				725D15CD2888622F00B2599E /* Repository */,
				725D160A288A0FAA00B2599E /* Router */,
				725D15CA2888613F00B2599E /* ViewModel */,
			);
			path = SearchProduct;
			sourceTree = "<group>";
		};
		725D15C62888570400B2599E /* View */ = {
			isa = PBXGroup;
			children = (
				725D15D228886CEF00B2599E /* Adapter */,
				725D15D528886EBF00B2599E /* Cell */,
				725D15D628886EC700B2599E /* Controller */,
			);
			path = View;
			sourceTree = "<group>";
		};
		725D15C92888613800B2599E /* Model */ = {
			isa = PBXGroup;
			children = (
				D29DDD9A288B6327002D59E0 /* ProductResponse.swift */,
				725D15E52888E32A00B2599E /* Product.swift */,
			);
			path = Model;
			sourceTree = "<group>";
		};
		725D15CA2888613F00B2599E /* ViewModel */ = {
			isa = PBXGroup;
			children = (
				725D15CB2888617C00B2599E /* SearchProductViewModel.swift */,
			);
			path = ViewModel;
			sourceTree = "<group>";
		};
		725D15CD2888622F00B2599E /* Repository */ = {
			isa = PBXGroup;
			children = (
				725D15CE2888626E00B2599E /* SearchProductRepository.swift */,
			);
			path = Repository;
			sourceTree = "<group>";
		};
		725D15D228886CEF00B2599E /* Adapter */ = {
			isa = PBXGroup;
			children = (
				725D15D328886D0600B2599E /* SearchProductAdapter.swift */,
			);
			path = Adapter;
			sourceTree = "<group>";
		};
		725D15D528886EBF00B2599E /* Cell */ = {
			isa = PBXGroup;
			children = (
				725D15D828886F4900B2599E /* ProductTableViewCell.swift */,
			);
			path = Cell;
			sourceTree = "<group>";
		};
		725D15D628886EC700B2599E /* Controller */ = {
			isa = PBXGroup;
			children = (
				725D15C7288857A700B2599E /* SearchProductView.swift */,
				725D15932888518400B2599E /* SearchProductViewController.swift */,
			);
			path = Controller;
			sourceTree = "<group>";
		};
		725D15DA2888777300B2599E /* Helpers */ = {
			isa = PBXGroup;
			children = (
				725D15DB2888778400B2599E /* Reactive */,
				725D16012889982D00B2599E /* ImageService.swift */,
				725D16032889C9D200B2599E /* Thread.swift */,
			);
			path = Helpers;
			sourceTree = "<group>";
		};
		725D15DB2888778400B2599E /* Reactive */ = {
			isa = PBXGroup;
			children = (
				725D15F2288920CA00B2599E /* Bindable */,
				725D15DC2888779A00B2599E /* Observable.swift */,
			);
			path = Reactive;
			sourceTree = "<group>";
		};
		725D15E12888835100B2599E /* Utils */ = {
			isa = PBXGroup;
			children = (
				725D15E22888837100B2599E /* Extensions */,
				725D15DA2888777300B2599E /* Helpers */,
			);
			path = Utils;
			sourceTree = "<group>";
		};
		725D15E22888837100B2599E /* Extensions */ = {
			isa = PBXGroup;
			children = (
				725D15E32888839200B2599E /* URLSessionExtensions.swift */,
				725D15FA28892D1500B2599E /* UIImageViewExtensions.swift */,
				D2659320288B820E00F7EB53 /* UIViewControllerExtensions.swift */,
				D2659322288B8F0F00F7EB53 /* UIColorExtensions.swift */,
			);
			path = Extensions;
			sourceTree = "<group>";
		};
		725D15E92889202600B2599E /* BlockBasedSelector */ = {
			isa = PBXGroup;
			children = (
				725D15ED2889204200B2599E /* BlockBasedSelector.h */,
				725D15EB2889204100B2599E /* BlockBasedSelector.m */,
				725D15EC2889204100B2599E /* BlockBasedSelector.swift */,
				725D15EA2889204000B2599E /* ProductsMeLi-Bridging-Header.h */,
			);
			path = BlockBasedSelector;
			sourceTree = "<group>";
		};
		725D15F2288920CA00B2599E /* Bindable */ = {
			isa = PBXGroup;
			children = (
				725D15E92889202600B2599E /* BlockBasedSelector */,
				725D15F0288920BD00B2599E /* NSObject+Observable.swift */,
				725D15F72889234300B2599E /* Bindable.swift */,
				725D15F5288922C500B2599E /* UIControls+Bindable.swift */,
			);
			path = Bindable;
			sourceTree = "<group>";
		};
		725D15F928892C9300B2599E /* Images */ = {
			isa = PBXGroup;
			children = (
				725D15982888518600B2599E /* Assets.xcassets */,
			);
			path = Images;
			sourceTree = "<group>";
		};
		725D15FE28892FD500B2599E /* Colors */ = {
			isa = PBXGroup;
			children = (
				725D15FF2889300300B2599E /* Assets.xcassets */,
			);
			path = Colors;
			sourceTree = "<group>";
		};
		725D16052889E10E00B2599E /* ProductDescription */ = {
			isa = PBXGroup;
			children = (
				725D1611288A70C400B2599E /* Factory */,
				725D1610288A15B400B2599E /* View */,
				D265932A288C2D5600F7EB53 /* ViewModel */,
				D2659330288C2F8700F7EB53 /* Router */,
			);
			path = ProductDescription;
			sourceTree = "<group>";
		};
		725D160A288A0FAA00B2599E /* Router */ = {
			isa = PBXGroup;
			children = (
				725D1614288A722400B2599E /* SearchProductRouter.swift */,
			);
			path = Router;
			sourceTree = "<group>";
		};
		725D1610288A15B400B2599E /* View */ = {
			isa = PBXGroup;
			children = (
				D2659335288C54C800F7EB53 /* Adapter */,
				D2659334288C54C100F7EB53 /* Cell */,
				D2659333288C54B400F7EB53 /* ViewController */,
			);
			path = View;
			sourceTree = "<group>";
		};
		725D1611288A70C400B2599E /* Factory */ = {
			isa = PBXGroup;
			children = (
				725D1612288A70D700B2599E /* ProductDescriptionFactory.swift */,
			);
			path = Factory;
			sourceTree = "<group>";
		};
		7264E062288A5F06008FFEE3 /* Factory */ = {
			isa = PBXGroup;
			children = (
				7264E063288A5F1A008FFEE3 /* SearchProductFactory.swift */,
			);
			path = Factory;
			sourceTree = "<group>";
		};
		D2659324288C221400F7EB53 /* ProductWeb */ = {
			isa = PBXGroup;
			children = (
				D265932D288C2E6800F7EB53 /* Factory */,
				D2659325288C223200F7EB53 /* View */,
			);
			path = ProductWeb;
			sourceTree = "<group>";
		};
		D2659325288C223200F7EB53 /* View */ = {
			isa = PBXGroup;
			children = (
				D2659326288C225E00F7EB53 /* ProductWebViewController.swift */,
				D2659328288C26C000F7EB53 /* ProductWebView.swift */,
			);
			path = View;
			sourceTree = "<group>";
		};
		D265932A288C2D5600F7EB53 /* ViewModel */ = {
			isa = PBXGroup;
			children = (
				D265932B288C2D7F00F7EB53 /* ProductDescriptionViewModel.swift */,
			);
			path = ViewModel;
			sourceTree = "<group>";
		};
		D265932D288C2E6800F7EB53 /* Factory */ = {
			isa = PBXGroup;
			children = (
				D265932E288C2E7B00F7EB53 /* ProductWebFactory.swift */,
			);
			path = Factory;
			sourceTree = "<group>";
		};
		D2659330288C2F8700F7EB53 /* Router */ = {
			isa = PBXGroup;
			children = (
				D2659331288C2FA600F7EB53 /* ProductDescriptionRouter.swift */,
			);
			path = Router;
			sourceTree = "<group>";
		};
		D2659333288C54B400F7EB53 /* ViewController */ = {
			isa = PBXGroup;
			children = (
				725D1606288A046300B2599E /* ProductDescriptionView.swift */,
				725D1608288A048500B2599E /* ProductDescriptionViewController.swift */,
			);
			path = ViewController;
			sourceTree = "<group>";
		};
		D2659334288C54C100F7EB53 /* Cell */ = {
			isa = PBXGroup;
			children = (
				D265933C288C573300F7EB53 /* Adapter */,
				D2659336288C553A00F7EB53 /* RelatedTableViewCell.swift */,
				D265933B288C572C00F7EB53 /* View */,
			);
			path = Cell;
			sourceTree = "<group>";
		};
		D2659335288C54C800F7EB53 /* Adapter */ = {
			isa = PBXGroup;
			children = (
				D265933F288C5C1300F7EB53 /* ProductDescriptionAdapter.swift */,
			);
			path = Adapter;
			sourceTree = "<group>";
		};
		D265933B288C572C00F7EB53 /* View */ = {
			isa = PBXGroup;
			children = (
				D2659339288C562500F7EB53 /* RelatedCollectionViewCell.swift */,
			);
			path = View;
			sourceTree = "<group>";
		};
		D265933C288C573300F7EB53 /* Adapter */ = {
			isa = PBXGroup;
			children = (
				D265933D288C576800F7EB53 /* RelatedCollectionViewAdapter.swift */,
			);
			path = Adapter;
			sourceTree = "<group>";
		};
/* End PBXGroup section */

/* Begin PBXNativeTarget section */
		725D158B2888518400B2599E /* ProductsMeLi */ = {
			isa = PBXNativeTarget;
			buildConfigurationList = 725D15B62888518600B2599E /* Build configuration list for PBXNativeTarget "ProductsMeLi" */;
			buildPhases = (
				725D15882888518400B2599E /* Sources */,
				725D15892888518400B2599E /* Frameworks */,
				725D158A2888518400B2599E /* Resources */,
			);
			buildRules = (
			);
			dependencies = (
			);
			name = ProductsMeLi;
			productName = ProductsMeLi;
			productReference = 725D158C2888518400B2599E /* ProductsMeLi.app */;
			productType = "com.apple.product-type.application";
		};
		725D15A12888518600B2599E /* ProductsMeLiTests */ = {
			isa = PBXNativeTarget;
			buildConfigurationList = 725D15B92888518600B2599E /* Build configuration list for PBXNativeTarget "ProductsMeLiTests" */;
			buildPhases = (
				725D159E2888518600B2599E /* Sources */,
				725D159F2888518600B2599E /* Frameworks */,
				725D15A02888518600B2599E /* Resources */,
			);
			buildRules = (
			);
			dependencies = (
				725D15A42888518600B2599E /* PBXTargetDependency */,
			);
			name = ProductsMeLiTests;
			productName = ProductsMeLiTests;
			productReference = 725D15A22888518600B2599E /* ProductsMeLiTests.xctest */;
			productType = "com.apple.product-type.bundle.unit-test";
		};
		725D15AB2888518600B2599E /* ProductsMeLiUITests */ = {
			isa = PBXNativeTarget;
			buildConfigurationList = 725D15BC2888518600B2599E /* Build configuration list for PBXNativeTarget "ProductsMeLiUITests" */;
			buildPhases = (
				725D15A82888518600B2599E /* Sources */,
				725D15A92888518600B2599E /* Frameworks */,
				725D15AA2888518600B2599E /* Resources */,
			);
			buildRules = (
			);
			dependencies = (
				725D15AE2888518600B2599E /* PBXTargetDependency */,
			);
			name = ProductsMeLiUITests;
			productName = ProductsMeLiUITests;
			productReference = 725D15AC2888518600B2599E /* ProductsMeLiUITests.xctest */;
			productType = "com.apple.product-type.bundle.ui-testing";
		};
/* End PBXNativeTarget section */

/* Begin PBXProject section */
		725D15842888518400B2599E /* Project object */ = {
			isa = PBXProject;
			attributes = {
				BuildIndependentTargetsInParallel = 1;
				LastSwiftUpdateCheck = 1320;
				LastUpgradeCheck = 1320;
				TargetAttributes = {
					725D158B2888518400B2599E = {
						CreatedOnToolsVersion = 13.2.1;
						LastSwiftMigration = 1320;
					};
					725D15A12888518600B2599E = {
						CreatedOnToolsVersion = 13.2.1;
						TestTargetID = 725D158B2888518400B2599E;
					};
					725D15AB2888518600B2599E = {
						CreatedOnToolsVersion = 13.2.1;
						TestTargetID = 725D158B2888518400B2599E;
					};
				};
			};
			buildConfigurationList = 725D15872888518400B2599E /* Build configuration list for PBXProject "ProductsMeLi" */;
			compatibilityVersion = "Xcode 13.0";
			developmentRegion = en;
			hasScannedForEncodings = 0;
			knownRegions = (
				en,
				Base,
			);
			mainGroup = 725D15832888518400B2599E;
			productRefGroup = 725D158D2888518400B2599E /* Products */;
			projectDirPath = "";
			projectRoot = "";
			targets = (
				725D158B2888518400B2599E /* ProductsMeLi */,
				725D15A12888518600B2599E /* ProductsMeLiTests */,
				725D15AB2888518600B2599E /* ProductsMeLiUITests */,
			);
		};
/* End PBXProject section */

/* Begin PBXResourcesBuildPhase section */
		725D158A2888518400B2599E /* Resources */ = {
			isa = PBXResourcesBuildPhase;
			buildActionMask = 2147483647;
			files = (
				725D159C2888518600B2599E /* LaunchScreen.storyboard in Resources */,
				725D16002889300300B2599E /* Assets.xcassets in Resources */,
				725D15992888518600B2599E /* Assets.xcassets in Resources */,
			);
			runOnlyForDeploymentPostprocessing = 0;
		};
		725D15A02888518600B2599E /* Resources */ = {
			isa = PBXResourcesBuildPhase;
			buildActionMask = 2147483647;
			files = (
			);
			runOnlyForDeploymentPostprocessing = 0;
		};
		725D15AA2888518600B2599E /* Resources */ = {
			isa = PBXResourcesBuildPhase;
			buildActionMask = 2147483647;
			files = (
			);
			runOnlyForDeploymentPostprocessing = 0;
		};
/* End PBXResourcesBuildPhase section */

/* Begin PBXSourcesBuildPhase section */
		725D15882888518400B2599E /* Sources */ = {
			isa = PBXSourcesBuildPhase;
			buildActionMask = 2147483647;
			files = (
				D2659323288B8F0F00F7EB53 /* UIColorExtensions.swift in Sources */,
				725D15EE2889204200B2599E /* BlockBasedSelector.m in Sources */,
				725D15CC2888617C00B2599E /* SearchProductViewModel.swift in Sources */,
				725D1615288A722400B2599E /* SearchProductRouter.swift in Sources */,
				725D15E62888E32A00B2599E /* Product.swift in Sources */,
				725D15EF2889204200B2599E /* BlockBasedSelector.swift in Sources */,
				725D15FB28892D1500B2599E /* UIImageViewExtensions.swift in Sources */,
				725D16022889982D00B2599E /* ImageService.swift in Sources */,
				D265933E288C576800F7EB53 /* RelatedCollectionViewAdapter.swift in Sources */,
				725D15C8288857A700B2599E /* SearchProductView.swift in Sources */,
				725D15D928886F4900B2599E /* ProductTableViewCell.swift in Sources */,
				725D1613288A70D700B2599E /* ProductDescriptionFactory.swift in Sources */,
				D265932C288C2D7F00F7EB53 /* ProductDescriptionViewModel.swift in Sources */,
				725D15F82889234300B2599E /* Bindable.swift in Sources */,
				725D1607288A046300B2599E /* ProductDescriptionView.swift in Sources */,
				725D15942888518400B2599E /* SearchProductViewController.swift in Sources */,
				725D15902888518400B2599E /* AppDelegate.swift in Sources */,
				D265933A288C562500F7EB53 /* RelatedCollectionViewCell.swift in Sources */,
				725D16042889C9D200B2599E /* Thread.swift in Sources */,
				725D15922888518400B2599E /* SceneDelegate.swift in Sources */,
				D2659337288C553A00F7EB53 /* RelatedTableViewCell.swift in Sources */,
				D2659329288C26C000F7EB53 /* ProductWebView.swift in Sources */,
				D2659321288B820E00F7EB53 /* UIViewControllerExtensions.swift in Sources */,
				D29DDD9B288B6327002D59E0 /* ProductResponse.swift in Sources */,
				D2659340288C5C1300F7EB53 /* ProductDescriptionAdapter.swift in Sources */,
				D2659327288C225E00F7EB53 /* ProductWebViewController.swift in Sources */,
				D265932F288C2E7B00F7EB53 /* ProductWebFactory.swift in Sources */,
				725D15DD2888779A00B2599E /* Observable.swift in Sources */,
				725D15D428886D0600B2599E /* SearchProductAdapter.swift in Sources */,
				725D15F1288920BD00B2599E /* NSObject+Observable.swift in Sources */,
				725D15E42888839200B2599E /* URLSessionExtensions.swift in Sources */,
				7264E064288A5F1A008FFEE3 /* SearchProductFactory.swift in Sources */,
				725D15F6288922C500B2599E /* UIControls+Bindable.swift in Sources */,
				725D15CF2888626E00B2599E /* SearchProductRepository.swift in Sources */,
				725D1609288A048500B2599E /* ProductDescriptionViewController.swift in Sources */,
				D2659332288C2FA600F7EB53 /* ProductDescriptionRouter.swift in Sources */,
			);
			runOnlyForDeploymentPostprocessing = 0;
		};
		725D159E2888518600B2599E /* Sources */ = {
			isa = PBXSourcesBuildPhase;
			buildActionMask = 2147483647;
			files = (
				725D15A72888518600B2599E /* ProductsMeLiTests.swift in Sources */,
			);
			runOnlyForDeploymentPostprocessing = 0;
		};
		725D15A82888518600B2599E /* Sources */ = {
			isa = PBXSourcesBuildPhase;
			buildActionMask = 2147483647;
			files = (
				725D15B12888518600B2599E /* ProductsMeLiUITests.swift in Sources */,
				725D15B32888518600B2599E /* ProductsMeLiUITestsLaunchTests.swift in Sources */,
			);
			runOnlyForDeploymentPostprocessing = 0;
		};
/* End PBXSourcesBuildPhase section */

/* Begin PBXTargetDependency section */
		725D15A42888518600B2599E /* PBXTargetDependency */ = {
			isa = PBXTargetDependency;
			target = 725D158B2888518400B2599E /* ProductsMeLi */;
			targetProxy = 725D15A32888518600B2599E /* PBXContainerItemProxy */;
		};
		725D15AE2888518600B2599E /* PBXTargetDependency */ = {
			isa = PBXTargetDependency;
			target = 725D158B2888518400B2599E /* ProductsMeLi */;
			targetProxy = 725D15AD2888518600B2599E /* PBXContainerItemProxy */;
		};
/* End PBXTargetDependency section */

/* Begin PBXVariantGroup section */
		725D159A2888518600B2599E /* LaunchScreen.storyboard */ = {
			isa = PBXVariantGroup;
			children = (
				725D159B2888518600B2599E /* Base */,
			);
			name = LaunchScreen.storyboard;
			sourceTree = "<group>";
		};
/* End PBXVariantGroup section */

/* Begin XCBuildConfiguration section */
		725D15B42888518600B2599E /* Debug */ = {
			isa = XCBuildConfiguration;
			buildSettings = {
				ALWAYS_SEARCH_USER_PATHS = NO;
				CLANG_ANALYZER_NONNULL = YES;
				CLANG_ANALYZER_NUMBER_OBJECT_CONVERSION = YES_AGGRESSIVE;
				CLANG_CXX_LANGUAGE_STANDARD = "gnu++17";
				CLANG_CXX_LIBRARY = "libc++";
				CLANG_ENABLE_MODULES = YES;
				CLANG_ENABLE_OBJC_ARC = YES;
				CLANG_ENABLE_OBJC_WEAK = YES;
				CLANG_WARN_BLOCK_CAPTURE_AUTORELEASING = YES;
				CLANG_WARN_BOOL_CONVERSION = YES;
				CLANG_WARN_COMMA = YES;
				CLANG_WARN_CONSTANT_CONVERSION = YES;
				CLANG_WARN_DEPRECATED_OBJC_IMPLEMENTATIONS = YES;
				CLANG_WARN_DIRECT_OBJC_ISA_USAGE = YES_ERROR;
				CLANG_WARN_DOCUMENTATION_COMMENTS = YES;
				CLANG_WARN_EMPTY_BODY = YES;
				CLANG_WARN_ENUM_CONVERSION = YES;
				CLANG_WARN_INFINITE_RECURSION = YES;
				CLANG_WARN_INT_CONVERSION = YES;
				CLANG_WARN_NON_LITERAL_NULL_CONVERSION = YES;
				CLANG_WARN_OBJC_IMPLICIT_RETAIN_SELF = YES;
				CLANG_WARN_OBJC_LITERAL_CONVERSION = YES;
				CLANG_WARN_OBJC_ROOT_CLASS = YES_ERROR;
				CLANG_WARN_QUOTED_INCLUDE_IN_FRAMEWORK_HEADER = YES;
				CLANG_WARN_RANGE_LOOP_ANALYSIS = YES;
				CLANG_WARN_STRICT_PROTOTYPES = YES;
				CLANG_WARN_SUSPICIOUS_MOVE = YES;
				CLANG_WARN_UNGUARDED_AVAILABILITY = YES_AGGRESSIVE;
				CLANG_WARN_UNREACHABLE_CODE = YES;
				CLANG_WARN__DUPLICATE_METHOD_MATCH = YES;
				COPY_PHASE_STRIP = NO;
				DEBUG_INFORMATION_FORMAT = dwarf;
				ENABLE_STRICT_OBJC_MSGSEND = YES;
				ENABLE_TESTABILITY = YES;
				GCC_C_LANGUAGE_STANDARD = gnu11;
				GCC_DYNAMIC_NO_PIC = NO;
				GCC_NO_COMMON_BLOCKS = YES;
				GCC_OPTIMIZATION_LEVEL = 0;
				GCC_PREPROCESSOR_DEFINITIONS = (
					"DEBUG=1",
					"$(inherited)",
				);
				GCC_WARN_64_TO_32_BIT_CONVERSION = YES;
				GCC_WARN_ABOUT_RETURN_TYPE = YES_ERROR;
				GCC_WARN_UNDECLARED_SELECTOR = YES;
				GCC_WARN_UNINITIALIZED_AUTOS = YES_AGGRESSIVE;
				GCC_WARN_UNUSED_FUNCTION = YES;
				GCC_WARN_UNUSED_VARIABLE = YES;
				IPHONEOS_DEPLOYMENT_TARGET = 15.2;
				MTL_ENABLE_DEBUG_INFO = INCLUDE_SOURCE;
				MTL_FAST_MATH = YES;
				ONLY_ACTIVE_ARCH = YES;
				SDKROOT = iphoneos;
				SWIFT_ACTIVE_COMPILATION_CONDITIONS = DEBUG;
				SWIFT_OPTIMIZATION_LEVEL = "-Onone";
			};
			name = Debug;
		};
		725D15B52888518600B2599E /* Release */ = {
			isa = XCBuildConfiguration;
			buildSettings = {
				ALWAYS_SEARCH_USER_PATHS = NO;
				CLANG_ANALYZER_NONNULL = YES;
				CLANG_ANALYZER_NUMBER_OBJECT_CONVERSION = YES_AGGRESSIVE;
				CLANG_CXX_LANGUAGE_STANDARD = "gnu++17";
				CLANG_CXX_LIBRARY = "libc++";
				CLANG_ENABLE_MODULES = YES;
				CLANG_ENABLE_OBJC_ARC = YES;
				CLANG_ENABLE_OBJC_WEAK = YES;
				CLANG_WARN_BLOCK_CAPTURE_AUTORELEASING = YES;
				CLANG_WARN_BOOL_CONVERSION = YES;
				CLANG_WARN_COMMA = YES;
				CLANG_WARN_CONSTANT_CONVERSION = YES;
				CLANG_WARN_DEPRECATED_OBJC_IMPLEMENTATIONS = YES;
				CLANG_WARN_DIRECT_OBJC_ISA_USAGE = YES_ERROR;
				CLANG_WARN_DOCUMENTATION_COMMENTS = YES;
				CLANG_WARN_EMPTY_BODY = YES;
				CLANG_WARN_ENUM_CONVERSION = YES;
				CLANG_WARN_INFINITE_RECURSION = YES;
				CLANG_WARN_INT_CONVERSION = YES;
				CLANG_WARN_NON_LITERAL_NULL_CONVERSION = YES;
				CLANG_WARN_OBJC_IMPLICIT_RETAIN_SELF = YES;
				CLANG_WARN_OBJC_LITERAL_CONVERSION = YES;
				CLANG_WARN_OBJC_ROOT_CLASS = YES_ERROR;
				CLANG_WARN_QUOTED_INCLUDE_IN_FRAMEWORK_HEADER = YES;
				CLANG_WARN_RANGE_LOOP_ANALYSIS = YES;
				CLANG_WARN_STRICT_PROTOTYPES = YES;
				CLANG_WARN_SUSPICIOUS_MOVE = YES;
				CLANG_WARN_UNGUARDED_AVAILABILITY = YES_AGGRESSIVE;
				CLANG_WARN_UNREACHABLE_CODE = YES;
				CLANG_WARN__DUPLICATE_METHOD_MATCH = YES;
				COPY_PHASE_STRIP = NO;
				DEBUG_INFORMATION_FORMAT = "dwarf-with-dsym";
				ENABLE_NS_ASSERTIONS = NO;
				ENABLE_STRICT_OBJC_MSGSEND = YES;
				GCC_C_LANGUAGE_STANDARD = gnu11;
				GCC_NO_COMMON_BLOCKS = YES;
				GCC_WARN_64_TO_32_BIT_CONVERSION = YES;
				GCC_WARN_ABOUT_RETURN_TYPE = YES_ERROR;
				GCC_WARN_UNDECLARED_SELECTOR = YES;
				GCC_WARN_UNINITIALIZED_AUTOS = YES_AGGRESSIVE;
				GCC_WARN_UNUSED_FUNCTION = YES;
				GCC_WARN_UNUSED_VARIABLE = YES;
				IPHONEOS_DEPLOYMENT_TARGET = 15.2;
				MTL_ENABLE_DEBUG_INFO = NO;
				MTL_FAST_MATH = YES;
				SDKROOT = iphoneos;
				SWIFT_COMPILATION_MODE = wholemodule;
				SWIFT_OPTIMIZATION_LEVEL = "-O";
				VALIDATE_PRODUCT = YES;
			};
			name = Release;
		};
		725D15B72888518600B2599E /* Debug */ = {
			isa = XCBuildConfiguration;
			buildSettings = {
				ASSETCATALOG_COMPILER_APPICON_NAME = AppIcon;
				ASSETCATALOG_COMPILER_GLOBAL_ACCENT_COLOR_NAME = AccentColor;
				CLANG_ENABLE_MODULES = YES;
				CODE_SIGN_STYLE = Automatic;
				CURRENT_PROJECT_VERSION = 1;
				GENERATE_INFOPLIST_FILE = YES;
				INFOPLIST_FILE = ProductsMeLi/Info.plist;
				INFOPLIST_KEY_UIApplicationSupportsIndirectInputEvents = YES;
				INFOPLIST_KEY_UILaunchStoryboardName = LaunchScreen;
				INFOPLIST_KEY_UISupportedInterfaceOrientations_iPad = "UIInterfaceOrientationPortrait UIInterfaceOrientationPortraitUpsideDown UIInterfaceOrientationLandscapeLeft UIInterfaceOrientationLandscapeRight";
				INFOPLIST_KEY_UISupportedInterfaceOrientations_iPhone = "UIInterfaceOrientationPortrait UIInterfaceOrientationLandscapeLeft UIInterfaceOrientationLandscapeRight";
				LD_RUNPATH_SEARCH_PATHS = (
					"$(inherited)",
					"@executable_path/Frameworks",
				);
				MARKETING_VERSION = 1.0;
				PRODUCT_BUNDLE_IDENTIFIER = com.davidMolina.Test.ProductsMeLi;
				PRODUCT_NAME = "$(TARGET_NAME)";
				SWIFT_EMIT_LOC_STRINGS = YES;
				SWIFT_OBJC_BRIDGING_HEADER = "ProductsMeLi/Utils/Helpers/Reactive/Bindable/BlockBasedSelector/ProductsMeLi-Bridging-Header.h";
				SWIFT_OPTIMIZATION_LEVEL = "-Onone";
				SWIFT_VERSION = 5.0;
				TARGETED_DEVICE_FAMILY = "1,2";
			};
			name = Debug;
		};
		725D15B82888518600B2599E /* Release */ = {
			isa = XCBuildConfiguration;
			buildSettings = {
				ASSETCATALOG_COMPILER_APPICON_NAME = AppIcon;
				ASSETCATALOG_COMPILER_GLOBAL_ACCENT_COLOR_NAME = AccentColor;
				CLANG_ENABLE_MODULES = YES;
				CODE_SIGN_STYLE = Automatic;
				CURRENT_PROJECT_VERSION = 1;
				GENERATE_INFOPLIST_FILE = YES;
				INFOPLIST_FILE = ProductsMeLi/Info.plist;
				INFOPLIST_KEY_UIApplicationSupportsIndirectInputEvents = YES;
				INFOPLIST_KEY_UILaunchStoryboardName = LaunchScreen;
				INFOPLIST_KEY_UISupportedInterfaceOrientations_iPad = "UIInterfaceOrientationPortrait UIInterfaceOrientationPortraitUpsideDown UIInterfaceOrientationLandscapeLeft UIInterfaceOrientationLandscapeRight";
				INFOPLIST_KEY_UISupportedInterfaceOrientations_iPhone = "UIInterfaceOrientationPortrait UIInterfaceOrientationLandscapeLeft UIInterfaceOrientationLandscapeRight";
				LD_RUNPATH_SEARCH_PATHS = (
					"$(inherited)",
					"@executable_path/Frameworks",
				);
				MARKETING_VERSION = 1.0;
				PRODUCT_BUNDLE_IDENTIFIER = com.davidMolina.Test.ProductsMeLi;
				PRODUCT_NAME = "$(TARGET_NAME)";
				SWIFT_EMIT_LOC_STRINGS = YES;
				SWIFT_OBJC_BRIDGING_HEADER = "ProductsMeLi/Utils/Helpers/Reactive/Bindable/BlockBasedSelector/ProductsMeLi-Bridging-Header.h";
				SWIFT_VERSION = 5.0;
				TARGETED_DEVICE_FAMILY = "1,2";
			};
			name = Release;
		};
		725D15BA2888518600B2599E /* Debug */ = {
			isa = XCBuildConfiguration;
			buildSettings = {
				ALWAYS_EMBED_SWIFT_STANDARD_LIBRARIES = YES;
				BUNDLE_LOADER = "$(TEST_HOST)";
				CODE_SIGN_STYLE = Automatic;
				CURRENT_PROJECT_VERSION = 1;
				GENERATE_INFOPLIST_FILE = YES;
				IPHONEOS_DEPLOYMENT_TARGET = 15.2;
				MARKETING_VERSION = 1.0;
				PRODUCT_BUNDLE_IDENTIFIER = com.davidMolina.Test.ProductsMeLiTests;
				PRODUCT_NAME = "$(TARGET_NAME)";
				SWIFT_EMIT_LOC_STRINGS = NO;
				SWIFT_VERSION = 5.0;
				TARGETED_DEVICE_FAMILY = "1,2";
				TEST_HOST = "$(BUILT_PRODUCTS_DIR)/ProductsMeLi.app/ProductsMeLi";
			};
			name = Debug;
		};
		725D15BB2888518600B2599E /* Release */ = {
			isa = XCBuildConfiguration;
			buildSettings = {
				ALWAYS_EMBED_SWIFT_STANDARD_LIBRARIES = YES;
				BUNDLE_LOADER = "$(TEST_HOST)";
				CODE_SIGN_STYLE = Automatic;
				CURRENT_PROJECT_VERSION = 1;
				GENERATE_INFOPLIST_FILE = YES;
				IPHONEOS_DEPLOYMENT_TARGET = 15.2;
				MARKETING_VERSION = 1.0;
				PRODUCT_BUNDLE_IDENTIFIER = com.davidMolina.Test.ProductsMeLiTests;
				PRODUCT_NAME = "$(TARGET_NAME)";
				SWIFT_EMIT_LOC_STRINGS = NO;
				SWIFT_VERSION = 5.0;
				TARGETED_DEVICE_FAMILY = "1,2";
				TEST_HOST = "$(BUILT_PRODUCTS_DIR)/ProductsMeLi.app/ProductsMeLi";
			};
			name = Release;
		};
		725D15BD2888518600B2599E /* Debug */ = {
			isa = XCBuildConfiguration;
			buildSettings = {
				ALWAYS_EMBED_SWIFT_STANDARD_LIBRARIES = YES;
				CODE_SIGN_STYLE = Automatic;
				CURRENT_PROJECT_VERSION = 1;
				GENERATE_INFOPLIST_FILE = YES;
				MARKETING_VERSION = 1.0;
				PRODUCT_BUNDLE_IDENTIFIER = com.davidMolina.Test.ProductsMeLiUITests;
				PRODUCT_NAME = "$(TARGET_NAME)";
				SWIFT_EMIT_LOC_STRINGS = NO;
				SWIFT_VERSION = 5.0;
				TARGETED_DEVICE_FAMILY = "1,2";
				TEST_TARGET_NAME = ProductsMeLi;
			};
			name = Debug;
		};
		725D15BE2888518600B2599E /* Release */ = {
			isa = XCBuildConfiguration;
			buildSettings = {
				ALWAYS_EMBED_SWIFT_STANDARD_LIBRARIES = YES;
				CODE_SIGN_STYLE = Automatic;
				CURRENT_PROJECT_VERSION = 1;
				GENERATE_INFOPLIST_FILE = YES;
				MARKETING_VERSION = 1.0;
				PRODUCT_BUNDLE_IDENTIFIER = com.davidMolina.Test.ProductsMeLiUITests;
				PRODUCT_NAME = "$(TARGET_NAME)";
				SWIFT_EMIT_LOC_STRINGS = NO;
				SWIFT_VERSION = 5.0;
				TARGETED_DEVICE_FAMILY = "1,2";
				TEST_TARGET_NAME = ProductsMeLi;
			};
			name = Release;
		};
/* End XCBuildConfiguration section */

/* Begin XCConfigurationList section */
		725D15872888518400B2599E /* Build configuration list for PBXProject "ProductsMeLi" */ = {
			isa = XCConfigurationList;
			buildConfigurations = (
				725D15B42888518600B2599E /* Debug */,
				725D15B52888518600B2599E /* Release */,
			);
			defaultConfigurationIsVisible = 0;
			defaultConfigurationName = Release;
		};
		725D15B62888518600B2599E /* Build configuration list for PBXNativeTarget "ProductsMeLi" */ = {
			isa = XCConfigurationList;
			buildConfigurations = (
				725D15B72888518600B2599E /* Debug */,
				725D15B82888518600B2599E /* Release */,
			);
			defaultConfigurationIsVisible = 0;
			defaultConfigurationName = Release;
		};
		725D15B92888518600B2599E /* Build configuration list for PBXNativeTarget "ProductsMeLiTests" */ = {
			isa = XCConfigurationList;
			buildConfigurations = (
				725D15BA2888518600B2599E /* Debug */,
				725D15BB2888518600B2599E /* Release */,
			);
			defaultConfigurationIsVisible = 0;
			defaultConfigurationName = Release;
		};
		725D15BC2888518600B2599E /* Build configuration list for PBXNativeTarget "ProductsMeLiUITests" */ = {
			isa = XCConfigurationList;
			buildConfigurations = (
				725D15BD2888518600B2599E /* Debug */,
				725D15BE2888518600B2599E /* Release */,
			);
			defaultConfigurationIsVisible = 0;
			defaultConfigurationName = Release;
		};
/* End XCConfigurationList section */
	};
	rootObject = 725D15842888518400B2599E /* Project object */;
}
